
Microsoft Visual Studio Solution File, Format Version 12.00
# Visual Studio Version 17
VisualStudioVersion = 17.2.32516.85
MinimumVisualStudioVersion = 10.0.40219.1
Project("{9A19103F-16F7-4668-BE54-9A1E7A4F7556}") = "U2.SharpTracker", "U2.SharpTracker\U2.SharpTracker.csproj", "{F0582840-B60F-4E23-98D5-7C758F7CA55A}"
EndProject
Project("{9A19103F-16F7-4668-BE54-9A1E7A4F7556}") = "U2.SharpTracker.Core", "U2.SharpTracker.Core\U2.SharpTracker.Core.csproj", "{451BF5EA-B907-4047-9E69-3D4544C5EF6F}"
EndProject
Project("{9A19103F-16F7-4668-BE54-9A1E7A4F7556}") = "U2.SharpTracker.Core.Tests", "U2.SharpTracker.Core.Tests\U2.SharpTracker.Core.Tests.csproj", "{3BBEB2FA-6782-4559-B6A2-26645B7A3F8D}"
EndProject
Project("{9A19103F-16F7-4668-BE54-9A1E7A4F7556}") = "U2.SharpTracker.Resources", "U2.SharpTracker.Resources\U2.SharpTracker.Resources.csproj", "{653D54AB-77AA-4EAB-A672-D587D82A843F}"
EndProject
Project("{9A19103F-16F7-4668-BE54-9A1E7A4F7556}") = "U2.SharpTracker.Utils", "U2.SharpTracker.Utils\U2.SharpTracker.Utils.csproj", "{CB04DEB5-4911-4691-BB07-A38D2BA87C7C}"
EndProject
Project("{9A19103F-16F7-4668-BE54-9A1E7A4F7556}") = "U2.SharpTracker.Svc", "U2.SharpTracker.Svc\U2.SharpTracker.Svc.csproj", "{A8A27E72-EADC-4DA5-9A50-3AC02FCAABB3}"
EndProject
Project("{FAE04EC0-301F-11D3-BF4B-00C04F79EFBC}") = "U2.SharpTracker.Web", "U2.SharpTracker.Web\U2.SharpTracker.Web.csproj", "{06674F29-034E-4540-A874-CDCAB2FF700A}"
EndProject
Global
	GlobalSection(SolutionConfigurationPlatforms) = preSolution
		Debug|Any CPU = Debug|Any CPU
		Release|Any CPU = Release|Any CPU
	EndGlobalSection
	GlobalSection(ProjectConfigurationPlatforms) = postSolution
		{F0582840-B60F-4E23-98D5-7C758F7CA55A}.Debug|Any CPU.ActiveCfg = Debug|Any CPU
		{F0582840-B60F-4E23-98D5-7C758F7CA55A}.Debug|Any CPU.Build.0 = Debug|Any CPU
		{F0582840-B60F-4E23-98D5-7C758F7CA55A}.Release|Any CPU.ActiveCfg = Release|Any CPU
		{F0582840-B60F-4E23-98D5-7C758F7CA55A}.Release|Any CPU.Build.0 = Release|Any CPU
		{451BF5EA-B907-4047-9E69-3D4544C5EF6F}.Debug|Any CPU.ActiveCfg = Debug|Any CPU
		{451BF5EA-B907-4047-9E69-3D4544C5EF6F}.Debug|Any CPU.Build.0 = Debug|Any CPU
		{451BF5EA-B907-4047-9E69-3D4544C5EF6F}.Release|Any CPU.ActiveCfg = Release|Any CPU
		{451BF5EA-B907-4047-9E69-3D4544C5EF6F}.Release|Any CPU.Build.0 = Release|Any CPU
		{3BBEB2FA-6782-4559-B6A2-26645B7A3F8D}.Debug|Any CPU.ActiveCfg = Debug|Any CPU
		{3BBEB2FA-6782-4559-B6A2-26645B7A3F8D}.Debug|Any CPU.Build.0 = Debug|Any CPU
		{3BBEB2FA-6782-4559-B6A2-26645B7A3F8D}.Release|Any CPU.ActiveCfg = Release|Any CPU
		{3BBEB2FA-6782-4559-B6A2-26645B7A3F8D}.Release|Any CPU.Build.0 = Release|Any CPU
		{653D54AB-77AA-4EAB-A672-D587D82A843F}.Debug|Any CPU.ActiveCfg = Debug|Any CPU
		{653D54AB-77AA-4EAB-A672-D587D82A843F}.Debug|Any CPU.Build.0 = Debug|Any CPU
		{653D54AB-77AA-4EAB-A672-D587D82A843F}.Release|Any CPU.ActiveCfg = Release|Any CPU
		{653D54AB-77AA-4EAB-A672-D587D82A843F}.Release|Any CPU.Build.0 = Release|Any CPU
		{CB04DEB5-4911-4691-BB07-A38D2BA87C7C}.Debug|Any CPU.ActiveCfg = Debug|Any CPU
		{CB04DEB5-4911-4691-BB07-A38D2BA87C7C}.Debug|Any CPU.Build.0 = Debug|Any CPU
		{CB04DEB5-4911-4691-BB07-A38D2BA87C7C}.Release|Any CPU.ActiveCfg = Release|Any CPU
		{CB04DEB5-4911-4691-BB07-A38D2BA87C7C}.Release|Any CPU.Build.0 = Release|Any CPU
		{A8A27E72-EADC-4DA5-9A50-3AC02FCAABB3}.Debug|Any CPU.ActiveCfg = Debug|Any CPU
		{A8A27E72-EADC-4DA5-9A50-3AC02FCAABB3}.Debug|Any CPU.Build.0 = Debug|Any CPU
		{A8A27E72-EADC-4DA5-9A50-3AC02FCAABB3}.Release|Any CPU.ActiveCfg = Release|Any CPU
		{A8A27E72-EADC-4DA5-9A50-3AC02FCAABB3}.Release|Any CPU.Build.0 = Release|Any CPU
		{06674F29-034E-4540-A874-CDCAB2FF700A}.Debug|Any CPU.ActiveCfg = Debug|Any CPU
		{06674F29-034E-4540-A874-CDCAB2FF700A}.Debug|Any CPU.Build.0 = Debug|Any CPU
		{06674F29-034E-4540-A874-CDCAB2FF700A}.Release|Any CPU.ActiveCfg = Release|Any CPU
		{06674F29-034E-4540-A874-CDCAB2FF700A}.Release|Any CPU.Build.0 = Release|Any CPU
	EndGlobalSection
	GlobalSection(SolutionProperties) = preSolution
		HideSolutionNode = FALSE
	EndGlobalSection
	GlobalSection(ExtensibilityGlobals) = postSolution
		SolutionGuid = {B1741A01-3736-4CA4-BBF2-F0BECF23A282}
	EndGlobalSection
EndGlobal
